// !$*UTF8*$!
{
	archiveVersion = 1;
	classes = {
	};
	objectVersion = 55;
	objects = {

/* Begin PBXBuildFile section */
		7905B0202849A123008BC79D /* Policy.swift in Sources */ = {isa = PBXBuildFile; fileRef = 7905B01F2849A123008BC79D /* Policy.swift */; };
		7905B0222849A50B008BC79D /* Account.swift in Sources */ = {isa = PBXBuildFile; fileRef = 7905B0212849A50B008BC79D /* Account.swift */; };
		7905B0252849AAB5008BC79D /* WolfOrdinal in Frameworks */ = {isa = PBXBuildFile; productRef = 7905B0242849AAB5008BC79D /* WolfOrdinal */; };
		7905B0272849AC23008BC79D /* Memoized.swift in Sources */ = {isa = PBXBuildFile; fileRef = 7905B0262849AC23008BC79D /* Memoized.swift */; };
		79241072283C268D00611B9F /* BCApp in Frameworks */ = {isa = PBXBuildFile; productRef = 79241071283C268D00611B9F /* BCApp */; };
		79349B8F28506AB30058CF5D /* Slot.swift in Sources */ = {isa = PBXBuildFile; fileRef = 79349B8E28506AB30058CF5D /* Slot.swift */; };
		79349B9128506DF70058CF5D /* SlotStatus.swift in Sources */ = {isa = PBXBuildFile; fileRef = 79349B9028506DF70058CF5D /* SlotStatus.swift */; };
		79349B9328506E0B0058CF5D /* AccountStatus.swift in Sources */ = {isa = PBXBuildFile; fileRef = 79349B9228506E0B0058CF5D /* AccountStatus.swift */; };
		79349B9528508E220058CF5D /* SlotList.swift in Sources */ = {isa = PBXBuildFile; fileRef = 79349B9428508E220058CF5D /* SlotList.swift */; };
		79349BB328518E680058CF5D /* SlotDetail.swift in Sources */ = {isa = PBXBuildFile; fileRef = 79349BB228518E670058CF5D /* SlotDetail.swift */; };
		79349BB52851A7660058CF5D /* SlotListRow.swift in Sources */ = {isa = PBXBuildFile; fileRef = 79349BB42851A7660058CF5D /* SlotListRow.swift */; };
		7937A686284C114B00DE8E11 /* AccountsStorage.swift in Sources */ = {isa = PBXBuildFile; fileRef = 7937A685284C114B00DE8E11 /* AccountsStorage.swift */; };
		7937A688284C136000DE8E11 /* AccountsViewModel.swift in Sources */ = {isa = PBXBuildFile; fileRef = 7937A687284C136000DE8E11 /* AccountsViewModel.swift */; };
		7937A68A284D145000DE8E11 /* AccountDetail.swift in Sources */ = {isa = PBXBuildFile; fileRef = 7937A689284D145000DE8E11 /* AccountDetail.swift */; };
		7937A68C284D1D0000DE8E11 /* AccountSetupModel.swift in Sources */ = {isa = PBXBuildFile; fileRef = 7937A68B284D1D0000DE8E11 /* AccountSetupModel.swift */; };
		7937A68E284D1D8D00DE8E11 /* AccountSetup.swift in Sources */ = {isa = PBXBuildFile; fileRef = 7937A68D284D1D8D00DE8E11 /* AccountSetup.swift */; };
		7937A690284D7FBD00DE8E11 /* NameEditor.swift in Sources */ = {isa = PBXBuildFile; fileRef = 7937A68F284D7FBD00DE8E11 /* NameEditor.swift */; };
		7937A692284DB54D00DE8E11 /* PolicyPicker.swift in Sources */ = {isa = PBXBuildFile; fileRef = 7937A691284DB54D00DE8E11 /* PolicyPicker.swift */; };
		7937A694284DB67D00DE8E11 /* PolicyPreset.swift in Sources */ = {isa = PBXBuildFile; fileRef = 7937A693284DB67D00DE8E11 /* PolicyPreset.swift */; };
		7937A698284DC8BB00DE8E11 /* NotesEditor.swift in Sources */ = {isa = PBXBuildFile; fileRef = 7937A697284DC8BB00DE8E11 /* NotesEditor.swift */; };
		79651E5A28484C6F00991464 /* AppChapter.swift in Sources */ = {isa = PBXBuildFile; fileRef = 79651E5928484C6F00991464 /* AppChapter.swift */; };
		79651E5C2848903700991464 /* AppLogo.swift in Sources */ = {isa = PBXBuildFile; fileRef = 79651E5B2848903700991464 /* AppLogo.swift */; };
		79651E5E28489DA600991464 /* Markdown in Resources */ = {isa = PBXBuildFile; fileRef = 79651E5D28489DA600991464 /* Markdown */; };
		799B54BF283DC7D20043EB90 /* SyncButton.swift in Sources */ = {isa = PBXBuildFile; fileRef = 799B54BE283DC7D20043EB90 /* SyncButton.swift */; };
		799B54C1283DECA00043EB90 /* ErrorMessage.swift in Sources */ = {isa = PBXBuildFile; fileRef = 799B54C0283DECA00043EB90 /* ErrorMessage.swift */; };
		799BA663283F0A1A00285135 /* WalletSweeper.swift in Sources */ = {isa = PBXBuildFile; fileRef = 799BA662283F0A1A00285135 /* WalletSweeper.swift */; };
		799BA6662844A2DA00285135 /* CloudKit.framework in Frameworks */ = {isa = PBXBuildFile; fileRef = 799BA6652844A2DA00285135 /* CloudKit.framework */; };
		79C4DC5E2851E78F00CB3638 /* DesignTimeAccount.swift in Sources */ = {isa = PBXBuildFile; fileRef = 79C4DC5D2851E78F00CB3638 /* DesignTimeAccount.swift */; };
		79C4DC602851E7C200CB3638 /* AccountProtocol.swift in Sources */ = {isa = PBXBuildFile; fileRef = 79C4DC5F2851E7C200CB3638 /* AccountProtocol.swift */; };
		79C4DC622851E7E500CB3638 /* DesignTimeSlot.swift in Sources */ = {isa = PBXBuildFile; fileRef = 79C4DC612851E7E500CB3638 /* DesignTimeSlot.swift */; };
		79C4DC642851E80B00CB3638 /* SlotProtocol.swift in Sources */ = {isa = PBXBuildFile; fileRef = 79C4DC632851E80B00CB3638 /* SlotProtocol.swift */; };
		79C4DC672853251400CB3638 /* AppToolbar.swift in Sources */ = {isa = PBXBuildFile; fileRef = 79C4DC662853251400CB3638 /* AppToolbar.swift */; };
		79C4DC692853253200CB3638 /* ViewExtensions.swift in Sources */ = {isa = PBXBuildFile; fileRef = 79C4DC682853253200CB3638 /* ViewExtensions.swift */; };
		79CBB264284AF56300EBE0DE /* NoAccountSelected.swift in Sources */ = {isa = PBXBuildFile; fileRef = 79CBB263284AF56300EBE0DE /* NoAccountSelected.swift */; };
		79CBB266284B431900EBE0DE /* LaunchScreen.storyboard in Resources */ = {isa = PBXBuildFile; fileRef = 79CBB265284B431800EBE0DE /* LaunchScreen.storyboard */; };
		79EC776B2835BC65009E4466 /* CoordinatorApp.swift in Sources */ = {isa = PBXBuildFile; fileRef = 79EC776A2835BC65009E4466 /* CoordinatorApp.swift */; };
		79EC776D2835BC65009E4466 /* AccountsList.swift in Sources */ = {isa = PBXBuildFile; fileRef = 79EC776C2835BC65009E4466 /* AccountsList.swift */; };
		79EC776F2835BC67009E4466 /* Assets.xcassets in Resources */ = {isa = PBXBuildFile; fileRef = 79EC776E2835BC67009E4466 /* Assets.xcassets */; };
		79EC77722835BC67009E4466 /* Preview Assets.xcassets in Resources */ = {isa = PBXBuildFile; fileRef = 79EC77712835BC67009E4466 /* Preview Assets.xcassets */; };
		79EC77742835BC67009E4466 /* Persistence.swift in Sources */ = {isa = PBXBuildFile; fileRef = 79EC77732835BC67009E4466 /* Persistence.swift */; };
		79EC77772835BC67009E4466 /* CoordinatorModel.xcdatamodeld in Sources */ = {isa = PBXBuildFile; fileRef = 79EC77752835BC67009E4466 /* CoordinatorModel.xcdatamodeld */; };
		79EC77812835BC67009E4466 /* CoordinatorTests.swift in Sources */ = {isa = PBXBuildFile; fileRef = 79EC77802835BC67009E4466 /* CoordinatorTests.swift */; };
		79EC778B2835BC67009E4466 /* CoordinatorUITests.swift in Sources */ = {isa = PBXBuildFile; fileRef = 79EC778A2835BC67009E4466 /* CoordinatorUITests.swift */; };
		79EC778D2835BC67009E4466 /* CoordinatorUITestsLaunchTests.swift in Sources */ = {isa = PBXBuildFile; fileRef = 79EC778C2835BC67009E4466 /* CoordinatorUITestsLaunchTests.swift */; };
		79EC779B2835BD92009E4466 /* ContentViewOld.swift in Sources */ = {isa = PBXBuildFile; fileRef = 79EC779A2835BD92009E4466 /* ContentViewOld.swift */; };
		79EC779E28360AEC009E4466 /* WolfBase in Frameworks */ = {isa = PBXBuildFile; productRef = 79EC779D28360AEC009E4466 /* WolfBase */; };
		79EC77A128360B38009E4466 /* BCFoundation in Frameworks */ = {isa = PBXBuildFile; productRef = 79EC77A028360B38009E4466 /* BCFoundation */; };
		79EC77A428361BE7009E4466 /* WolfAPI in Frameworks */ = {isa = PBXBuildFile; productRef = 79EC77A328361BE7009E4466 /* WolfAPI */; };
		79EC77A728361C7D009E4466 /* WolfActivityRing in Frameworks */ = {isa = PBXBuildFile; productRef = 79EC77A628361C7D009E4466 /* WolfActivityRing */; };
		79EC77AA28361DAB009E4466 /* WolfLorem in Frameworks */ = {isa = PBXBuildFile; productRef = 79EC77A928361DAB009E4466 /* WolfLorem */; };
		79EC77AD28361E28009E4466 /* WolfSwiftUI in Frameworks */ = {isa = PBXBuildFile; productRef = 79EC77AC28361E28009E4466 /* WolfSwiftUI */; };
		79EC77B028361F33009E4466 /* Tor in Frameworks */ = {isa = PBXBuildFile; productRef = 79EC77AF28361F33009E4466 /* Tor */; };
		79EC77B328361F62009E4466 /* Hyperconnectivity in Frameworks */ = {isa = PBXBuildFile; productRef = 79EC77B228361F62009E4466 /* Hyperconnectivity */; };
		79EC77B62836205F009E4466 /* Esplora in Frameworks */ = {isa = PBXBuildFile; productRef = 79EC77B52836205F009E4466 /* Esplora */; };
		79EC7CA02851E00200A7C463 /* AccountStatusIndicator.swift in Sources */ = {isa = PBXBuildFile; fileRef = 79EC7C9F2851E00200A7C463 /* AccountStatusIndicator.swift */; };
/* End PBXBuildFile section */

/* Begin PBXContainerItemProxy section */
		79EC777D2835BC67009E4466 /* PBXContainerItemProxy */ = {
			isa = PBXContainerItemProxy;
			containerPortal = 79EC775F2835BC65009E4466 /* Project object */;
			proxyType = 1;
			remoteGlobalIDString = 79EC77662835BC65009E4466;
			remoteInfo = Coordinator;
		};
		79EC77872835BC67009E4466 /* PBXContainerItemProxy */ = {
			isa = PBXContainerItemProxy;
			containerPortal = 79EC775F2835BC65009E4466 /* Project object */;
			proxyType = 1;
			remoteGlobalIDString = 79EC77662835BC65009E4466;
			remoteInfo = Coordinator;
		};
/* End PBXContainerItemProxy section */

/* Begin PBXFileReference section */
		7905B01F2849A123008BC79D /* Policy.swift */ = {isa = PBXFileReference; lastKnownFileType = sourcecode.swift; path = Policy.swift; sourceTree = "<group>"; };
		7905B0212849A50B008BC79D /* Account.swift */ = {isa = PBXFileReference; lastKnownFileType = sourcecode.swift; path = Account.swift; sourceTree = "<group>"; };
		7905B0262849AC23008BC79D /* Memoized.swift */ = {isa = PBXFileReference; lastKnownFileType = sourcecode.swift; path = Memoized.swift; sourceTree = "<group>"; };
		79349B8E28506AB30058CF5D /* Slot.swift */ = {isa = PBXFileReference; lastKnownFileType = sourcecode.swift; path = Slot.swift; sourceTree = "<group>"; };
		79349B9028506DF70058CF5D /* SlotStatus.swift */ = {isa = PBXFileReference; lastKnownFileType = sourcecode.swift; path = SlotStatus.swift; sourceTree = "<group>"; };
		79349B9228506E0B0058CF5D /* AccountStatus.swift */ = {isa = PBXFileReference; lastKnownFileType = sourcecode.swift; path = AccountStatus.swift; sourceTree = "<group>"; };
		79349B9428508E220058CF5D /* SlotList.swift */ = {isa = PBXFileReference; lastKnownFileType = sourcecode.swift; path = SlotList.swift; sourceTree = "<group>"; };
		79349BB228518E670058CF5D /* SlotDetail.swift */ = {isa = PBXFileReference; lastKnownFileType = sourcecode.swift; path = SlotDetail.swift; sourceTree = "<group>"; };
		79349BB42851A7660058CF5D /* SlotListRow.swift */ = {isa = PBXFileReference; lastKnownFileType = sourcecode.swift; path = SlotListRow.swift; sourceTree = "<group>"; };
		7937A685284C114B00DE8E11 /* AccountsStorage.swift */ = {isa = PBXFileReference; lastKnownFileType = sourcecode.swift; path = AccountsStorage.swift; sourceTree = "<group>"; };
		7937A687284C136000DE8E11 /* AccountsViewModel.swift */ = {isa = PBXFileReference; lastKnownFileType = sourcecode.swift; path = AccountsViewModel.swift; sourceTree = "<group>"; };
		7937A689284D145000DE8E11 /* AccountDetail.swift */ = {isa = PBXFileReference; lastKnownFileType = sourcecode.swift; path = AccountDetail.swift; sourceTree = "<group>"; };
		7937A68B284D1D0000DE8E11 /* AccountSetupModel.swift */ = {isa = PBXFileReference; lastKnownFileType = sourcecode.swift; path = AccountSetupModel.swift; sourceTree = "<group>"; };
		7937A68D284D1D8D00DE8E11 /* AccountSetup.swift */ = {isa = PBXFileReference; lastKnownFileType = sourcecode.swift; path = AccountSetup.swift; sourceTree = "<group>"; };
		7937A68F284D7FBD00DE8E11 /* NameEditor.swift */ = {isa = PBXFileReference; lastKnownFileType = sourcecode.swift; path = NameEditor.swift; sourceTree = "<group>"; };
		7937A691284DB54D00DE8E11 /* PolicyPicker.swift */ = {isa = PBXFileReference; lastKnownFileType = sourcecode.swift; path = PolicyPicker.swift; sourceTree = "<group>"; };
		7937A693284DB67D00DE8E11 /* PolicyPreset.swift */ = {isa = PBXFileReference; lastKnownFileType = sourcecode.swift; path = PolicyPreset.swift; sourceTree = "<group>"; };
		7937A697284DC8BB00DE8E11 /* NotesEditor.swift */ = {isa = PBXFileReference; lastKnownFileType = sourcecode.swift; path = NotesEditor.swift; sourceTree = "<group>"; };
		79651E5928484C6F00991464 /* AppChapter.swift */ = {isa = PBXFileReference; lastKnownFileType = sourcecode.swift; path = AppChapter.swift; sourceTree = "<group>"; };
		79651E5B2848903700991464 /* AppLogo.swift */ = {isa = PBXFileReference; lastKnownFileType = sourcecode.swift; path = AppLogo.swift; sourceTree = "<group>"; };
		79651E5D28489DA600991464 /* Markdown */ = {isa = PBXFileReference; lastKnownFileType = folder; path = Markdown; sourceTree = "<group>"; };
		799B54BE283DC7D20043EB90 /* SyncButton.swift */ = {isa = PBXFileReference; lastKnownFileType = sourcecode.swift; path = SyncButton.swift; sourceTree = "<group>"; };
		799B54C0283DECA00043EB90 /* ErrorMessage.swift */ = {isa = PBXFileReference; lastKnownFileType = sourcecode.swift; path = ErrorMessage.swift; sourceTree = "<group>"; };
		799BA662283F0A1A00285135 /* WalletSweeper.swift */ = {isa = PBXFileReference; lastKnownFileType = sourcecode.swift; path = WalletSweeper.swift; sourceTree = "<group>"; };
		799BA6652844A2DA00285135 /* CloudKit.framework */ = {isa = PBXFileReference; lastKnownFileType = wrapper.framework; name = CloudKit.framework; path = System/Library/Frameworks/CloudKit.framework; sourceTree = SDKROOT; };
		799BA6672844A3AD00285135 /* Info.plist */ = {isa = PBXFileReference; lastKnownFileType = text.plist; path = Info.plist; sourceTree = "<group>"; };
		79C4DC5D2851E78F00CB3638 /* DesignTimeAccount.swift */ = {isa = PBXFileReference; lastKnownFileType = sourcecode.swift; path = DesignTimeAccount.swift; sourceTree = "<group>"; };
		79C4DC5F2851E7C200CB3638 /* AccountProtocol.swift */ = {isa = PBXFileReference; lastKnownFileType = sourcecode.swift; path = AccountProtocol.swift; sourceTree = "<group>"; };
		79C4DC612851E7E500CB3638 /* DesignTimeSlot.swift */ = {isa = PBXFileReference; lastKnownFileType = sourcecode.swift; path = DesignTimeSlot.swift; sourceTree = "<group>"; };
		79C4DC632851E80B00CB3638 /* SlotProtocol.swift */ = {isa = PBXFileReference; lastKnownFileType = sourcecode.swift; path = SlotProtocol.swift; sourceTree = "<group>"; };
		79C4DC662853251400CB3638 /* AppToolbar.swift */ = {isa = PBXFileReference; lastKnownFileType = sourcecode.swift; path = AppToolbar.swift; sourceTree = "<group>"; };
		79C4DC682853253200CB3638 /* ViewExtensions.swift */ = {isa = PBXFileReference; lastKnownFileType = sourcecode.swift; path = ViewExtensions.swift; sourceTree = "<group>"; };
		79CBB263284AF56300EBE0DE /* NoAccountSelected.swift */ = {isa = PBXFileReference; lastKnownFileType = sourcecode.swift; path = NoAccountSelected.swift; sourceTree = "<group>"; };
		79CBB265284B431800EBE0DE /* LaunchScreen.storyboard */ = {isa = PBXFileReference; fileEncoding = 4; lastKnownFileType = file.storyboard; path = LaunchScreen.storyboard; sourceTree = "<group>"; };
		79EC77672835BC65009E4466 /* Coordinator.app */ = {isa = PBXFileReference; explicitFileType = wrapper.application; includeInIndex = 0; path = Coordinator.app; sourceTree = BUILT_PRODUCTS_DIR; };
		79EC776A2835BC65009E4466 /* CoordinatorApp.swift */ = {isa = PBXFileReference; lastKnownFileType = sourcecode.swift; path = CoordinatorApp.swift; sourceTree = "<group>"; };
		79EC776C2835BC65009E4466 /* AccountsList.swift */ = {isa = PBXFileReference; lastKnownFileType = sourcecode.swift; path = AccountsList.swift; sourceTree = "<group>"; };
		79EC776E2835BC67009E4466 /* Assets.xcassets */ = {isa = PBXFileReference; lastKnownFileType = folder.assetcatalog; path = Assets.xcassets; sourceTree = "<group>"; };
		79EC77712835BC67009E4466 /* Preview Assets.xcassets */ = {isa = PBXFileReference; lastKnownFileType = folder.assetcatalog; path = "Preview Assets.xcassets"; sourceTree = "<group>"; };
		79EC77732835BC67009E4466 /* Persistence.swift */ = {isa = PBXFileReference; lastKnownFileType = sourcecode.swift; path = Persistence.swift; sourceTree = "<group>"; };
		79EC77762835BC67009E4466 /* Coordinator.xcdatamodel */ = {isa = PBXFileReference; lastKnownFileType = wrapper.xcdatamodel; path = Coordinator.xcdatamodel; sourceTree = "<group>"; };
		79EC777C2835BC67009E4466 /* CoordinatorTests.xctest */ = {isa = PBXFileReference; explicitFileType = wrapper.cfbundle; includeInIndex = 0; path = CoordinatorTests.xctest; sourceTree = BUILT_PRODUCTS_DIR; };
		79EC77802835BC67009E4466 /* CoordinatorTests.swift */ = {isa = PBXFileReference; lastKnownFileType = sourcecode.swift; path = CoordinatorTests.swift; sourceTree = "<group>"; };
		79EC77862835BC67009E4466 /* CoordinatorUITests.xctest */ = {isa = PBXFileReference; explicitFileType = wrapper.cfbundle; includeInIndex = 0; path = CoordinatorUITests.xctest; sourceTree = BUILT_PRODUCTS_DIR; };
		79EC778A2835BC67009E4466 /* CoordinatorUITests.swift */ = {isa = PBXFileReference; lastKnownFileType = sourcecode.swift; path = CoordinatorUITests.swift; sourceTree = "<group>"; };
		79EC778C2835BC67009E4466 /* CoordinatorUITestsLaunchTests.swift */ = {isa = PBXFileReference; lastKnownFileType = sourcecode.swift; path = CoordinatorUITestsLaunchTests.swift; sourceTree = "<group>"; };
		79EC77992835BCF0009E4466 /* Coordinator.entitlements */ = {isa = PBXFileReference; lastKnownFileType = text.plist.entitlements; path = Coordinator.entitlements; sourceTree = "<group>"; };
		79EC779A2835BD92009E4466 /* ContentViewOld.swift */ = {isa = PBXFileReference; lastKnownFileType = sourcecode.swift; path = ContentViewOld.swift; sourceTree = "<group>"; };
		79EC7C9F2851E00200A7C463 /* AccountStatusIndicator.swift */ = {isa = PBXFileReference; lastKnownFileType = sourcecode.swift; path = AccountStatusIndicator.swift; sourceTree = "<group>"; };
/* End PBXFileReference section */

/* Begin PBXFrameworksBuildPhase section */
		79EC77642835BC65009E4466 /* Frameworks */ = {
			isa = PBXFrameworksBuildPhase;
			buildActionMask = 2147483647;
			files = (
				79241072283C268D00611B9F /* BCApp in Frameworks */,
				79EC77B328361F62009E4466 /* Hyperconnectivity in Frameworks */,
				79EC77A428361BE7009E4466 /* WolfAPI in Frameworks */,
				79EC77A728361C7D009E4466 /* WolfActivityRing in Frameworks */,
				79EC77B62836205F009E4466 /* Esplora in Frameworks */,
				79EC77B028361F33009E4466 /* Tor in Frameworks */,
				79EC77AD28361E28009E4466 /* WolfSwiftUI in Frameworks */,
				79EC77A128360B38009E4466 /* BCFoundation in Frameworks */,
				7905B0252849AAB5008BC79D /* WolfOrdinal in Frameworks */,
				79EC779E28360AEC009E4466 /* WolfBase in Frameworks */,
				799BA6662844A2DA00285135 /* CloudKit.framework in Frameworks */,
				79EC77AA28361DAB009E4466 /* WolfLorem in Frameworks */,
			);
			runOnlyForDeploymentPostprocessing = 0;
		};
		79EC77792835BC67009E4466 /* Frameworks */ = {
			isa = PBXFrameworksBuildPhase;
			buildActionMask = 2147483647;
			files = (
			);
			runOnlyForDeploymentPostprocessing = 0;
		};
		79EC77832835BC67009E4466 /* Frameworks */ = {
			isa = PBXFrameworksBuildPhase;
			buildActionMask = 2147483647;
			files = (
			);
			runOnlyForDeploymentPostprocessing = 0;
		};
/* End PBXFrameworksBuildPhase section */

/* Begin PBXGroup section */
		79349B8D28506A800058CF5D /* Slot */ = {
			isa = PBXGroup;
			children = (
				79C4DC632851E80B00CB3638 /* SlotProtocol.swift */,
				79C4DC612851E7E500CB3638 /* DesignTimeSlot.swift */,
				79349B8E28506AB30058CF5D /* Slot.swift */,
				79349B9028506DF70058CF5D /* SlotStatus.swift */,
				79349B9428508E220058CF5D /* SlotList.swift */,
				79349BB42851A7660058CF5D /* SlotListRow.swift */,
				79349BB228518E670058CF5D /* SlotDetail.swift */,
			);
			path = Slot;
			sourceTree = "<group>";
		};
		7937A684284C110D00DE8E11 /* Accounts */ = {
			isa = PBXGroup;
			children = (
				79CBB263284AF56300EBE0DE /* NoAccountSelected.swift */,
				79C4DC5F2851E7C200CB3638 /* AccountProtocol.swift */,
				7905B0212849A50B008BC79D /* Account.swift */,
				79C4DC5D2851E78F00CB3638 /* DesignTimeAccount.swift */,
				79349B9228506E0B0058CF5D /* AccountStatus.swift */,
				79EC7C9F2851E00200A7C463 /* AccountStatusIndicator.swift */,
				79EC776C2835BC65009E4466 /* AccountsList.swift */,
				7937A689284D145000DE8E11 /* AccountDetail.swift */,
				7937A685284C114B00DE8E11 /* AccountsStorage.swift */,
				7937A687284C136000DE8E11 /* AccountsViewModel.swift */,
				7937A68B284D1D0000DE8E11 /* AccountSetupModel.swift */,
				7937A68D284D1D8D00DE8E11 /* AccountSetup.swift */,
				7937A68F284D7FBD00DE8E11 /* NameEditor.swift */,
				7937A697284DC8BB00DE8E11 /* NotesEditor.swift */,
			);
			path = Accounts;
			sourceTree = "<group>";
		};
		7937A695284DB86100DE8E11 /* Policy */ = {
			isa = PBXGroup;
			children = (
				7905B01F2849A123008BC79D /* Policy.swift */,
				7937A693284DB67D00DE8E11 /* PolicyPreset.swift */,
				7937A691284DB54D00DE8E11 /* PolicyPicker.swift */,
			);
			path = Policy;
			sourceTree = "<group>";
		};
		7937A696284DB87F00DE8E11 /* Old */ = {
			isa = PBXGroup;
			children = (
				79EC779A2835BD92009E4466 /* ContentViewOld.swift */,
				799BA662283F0A1A00285135 /* WalletSweeper.swift */,
			);
			path = Old;
			sourceTree = "<group>";
		};
		79651E5828484C6000991464 /* UserGuide */ = {
			isa = PBXGroup;
			children = (
				79651E5928484C6F00991464 /* AppChapter.swift */,
				79651E5B2848903700991464 /* AppLogo.swift */,
			);
			path = UserGuide;
			sourceTree = "<group>";
		};
		799BA6642844A2DA00285135 /* Frameworks */ = {
			isa = PBXGroup;
			children = (
				799BA6652844A2DA00285135 /* CloudKit.framework */,
			);
			name = Frameworks;
			sourceTree = "<group>";
		};
		79C4DC65285324FD00CB3638 /* Views */ = {
			isa = PBXGroup;
			children = (
				79C4DC662853251400CB3638 /* AppToolbar.swift */,
				79C4DC682853253200CB3638 /* ViewExtensions.swift */,
			);
			path = Views;
			sourceTree = "<group>";
		};
		79EC775E2835BC65009E4466 = {
			isa = PBXGroup;
			children = (
				79EC77692835BC65009E4466 /* Coordinator */,
				79EC777F2835BC67009E4466 /* CoordinatorTests */,
				79EC77892835BC67009E4466 /* CoordinatorUITests */,
				79EC77682835BC65009E4466 /* Products */,
				799BA6642844A2DA00285135 /* Frameworks */,
			);
			sourceTree = "<group>";
		};
		79EC77682835BC65009E4466 /* Products */ = {
			isa = PBXGroup;
			children = (
				79EC77672835BC65009E4466 /* Coordinator.app */,
				79EC777C2835BC67009E4466 /* CoordinatorTests.xctest */,
				79EC77862835BC67009E4466 /* CoordinatorUITests.xctest */,
			);
			name = Products;
			sourceTree = "<group>";
		};
		79EC77692835BC65009E4466 /* Coordinator */ = {
			isa = PBXGroup;
			children = (
				799BA6672844A3AD00285135 /* Info.plist */,
				79EC776E2835BC67009E4466 /* Assets.xcassets */,
				79EC77752835BC67009E4466 /* CoordinatorModel.xcdatamodeld */,
				79EC77992835BCF0009E4466 /* Coordinator.entitlements */,
				79CBB265284B431800EBE0DE /* LaunchScreen.storyboard */,
				79EC776A2835BC65009E4466 /* CoordinatorApp.swift */,
				79EC77732835BC67009E4466 /* Persistence.swift */,
				799B54BE283DC7D20043EB90 /* SyncButton.swift */,
				799B54C0283DECA00043EB90 /* ErrorMessage.swift */,
				7905B0262849AC23008BC79D /* Memoized.swift */,
				79C4DC65285324FD00CB3638 /* Views */,
				79349B8D28506A800058CF5D /* Slot */,
				7937A696284DB87F00DE8E11 /* Old */,
				7937A684284C110D00DE8E11 /* Accounts */,
				7937A695284DB86100DE8E11 /* Policy */,
				79651E5828484C6000991464 /* UserGuide */,
				79651E5D28489DA600991464 /* Markdown */,
				79EC77702835BC67009E4466 /* Preview Content */,
			);
			path = Coordinator;
			sourceTree = "<group>";
		};
		79EC77702835BC67009E4466 /* Preview Content */ = {
			isa = PBXGroup;
			children = (
				79EC77712835BC67009E4466 /* Preview Assets.xcassets */,
			);
			path = "Preview Content";
			sourceTree = "<group>";
		};
		79EC777F2835BC67009E4466 /* CoordinatorTests */ = {
			isa = PBXGroup;
			children = (
				79EC77802835BC67009E4466 /* CoordinatorTests.swift */,
			);
			path = CoordinatorTests;
			sourceTree = "<group>";
		};
		79EC77892835BC67009E4466 /* CoordinatorUITests */ = {
			isa = PBXGroup;
			children = (
				79EC778A2835BC67009E4466 /* CoordinatorUITests.swift */,
				79EC778C2835BC67009E4466 /* CoordinatorUITestsLaunchTests.swift */,
			);
			path = CoordinatorUITests;
			sourceTree = "<group>";
		};
/* End PBXGroup section */

/* Begin PBXNativeTarget section */
		79EC77662835BC65009E4466 /* Coordinator */ = {
			isa = PBXNativeTarget;
			buildConfigurationList = 79EC77902835BC67009E4466 /* Build configuration list for PBXNativeTarget "Coordinator" */;
			buildPhases = (
				79EC77632835BC65009E4466 /* Sources */,
				79EC77642835BC65009E4466 /* Frameworks */,
				79EC77652835BC65009E4466 /* Resources */,
			);
			buildRules = (
			);
			dependencies = (
			);
			name = Coordinator;
			packageProductDependencies = (
				79EC779D28360AEC009E4466 /* WolfBase */,
				79EC77A028360B38009E4466 /* BCFoundation */,
				79EC77A328361BE7009E4466 /* WolfAPI */,
				79EC77A628361C7D009E4466 /* WolfActivityRing */,
				79EC77A928361DAB009E4466 /* WolfLorem */,
				79EC77AC28361E28009E4466 /* WolfSwiftUI */,
				79EC77AF28361F33009E4466 /* Tor */,
				79EC77B228361F62009E4466 /* Hyperconnectivity */,
				79EC77B52836205F009E4466 /* Esplora */,
				79241071283C268D00611B9F /* BCApp */,
				7905B0242849AAB5008BC79D /* WolfOrdinal */,
			);
			productName = Coordinator;
			productReference = 79EC77672835BC65009E4466 /* Coordinator.app */;
			productType = "com.apple.product-type.application";
		};
		79EC777B2835BC67009E4466 /* CoordinatorTests */ = {
			isa = PBXNativeTarget;
			buildConfigurationList = 79EC77932835BC67009E4466 /* Build configuration list for PBXNativeTarget "CoordinatorTests" */;
			buildPhases = (
				79EC77782835BC67009E4466 /* Sources */,
				79EC77792835BC67009E4466 /* Frameworks */,
				79EC777A2835BC67009E4466 /* Resources */,
			);
			buildRules = (
			);
			dependencies = (
				79EC777E2835BC67009E4466 /* PBXTargetDependency */,
			);
			name = CoordinatorTests;
			productName = CoordinatorTests;
			productReference = 79EC777C2835BC67009E4466 /* CoordinatorTests.xctest */;
			productType = "com.apple.product-type.bundle.unit-test";
		};
		79EC77852835BC67009E4466 /* CoordinatorUITests */ = {
			isa = PBXNativeTarget;
			buildConfigurationList = 79EC77962835BC67009E4466 /* Build configuration list for PBXNativeTarget "CoordinatorUITests" */;
			buildPhases = (
				79EC77822835BC67009E4466 /* Sources */,
				79EC77832835BC67009E4466 /* Frameworks */,
				79EC77842835BC67009E4466 /* Resources */,
			);
			buildRules = (
			);
			dependencies = (
				79EC77882835BC67009E4466 /* PBXTargetDependency */,
			);
			name = CoordinatorUITests;
			productName = CoordinatorUITests;
			productReference = 79EC77862835BC67009E4466 /* CoordinatorUITests.xctest */;
			productType = "com.apple.product-type.bundle.ui-testing";
		};
/* End PBXNativeTarget section */

/* Begin PBXProject section */
		79EC775F2835BC65009E4466 /* Project object */ = {
			isa = PBXProject;
			attributes = {
				BuildIndependentTargetsInParallel = 1;
				LastSwiftUpdateCheck = 1340;
				LastUpgradeCheck = 1340;
				TargetAttributes = {
					79EC77662835BC65009E4466 = {
						CreatedOnToolsVersion = 13.4;
					};
					79EC777B2835BC67009E4466 = {
						CreatedOnToolsVersion = 13.4;
						TestTargetID = 79EC77662835BC65009E4466;
					};
					79EC77852835BC67009E4466 = {
						CreatedOnToolsVersion = 13.4;
						TestTargetID = 79EC77662835BC65009E4466;
					};
				};
			};
			buildConfigurationList = 79EC77622835BC65009E4466 /* Build configuration list for PBXProject "Coordinator" */;
			compatibilityVersion = "Xcode 13.0";
			developmentRegion = en;
			hasScannedForEncodings = 0;
			knownRegions = (
				en,
				Base,
			);
			mainGroup = 79EC775E2835BC65009E4466;
			packageReferences = (
				79EC779C28360AEC009E4466 /* XCRemoteSwiftPackageReference "WolfBase" */,
				79EC779F28360B38009E4466 /* XCRemoteSwiftPackageReference "BCSwiftFoundation" */,
				79EC77A228361BE7009E4466 /* XCRemoteSwiftPackageReference "WolfAPI" */,
				79EC77A528361C7D009E4466 /* XCRemoteSwiftPackageReference "WolfActivityRing" */,
				79EC77A828361DAB009E4466 /* XCRemoteSwiftPackageReference "WolfLorem" */,
				79EC77AB28361E28009E4466 /* XCRemoteSwiftPackageReference "WolfSwiftUI" */,
				79EC77AE28361F32009E4466 /* XCRemoteSwiftPackageReference "BCSwiftTor" */,
				79EC77B128361F62009E4466 /* XCRemoteSwiftPackageReference "Hyperconnectivity" */,
				79EC77B42836205F009E4466 /* XCRemoteSwiftPackageReference "BCSwiftEsplora" */,
				79241070283C268D00611B9F /* XCRemoteSwiftPackageReference "BCSwiftApp" */,
				7905B0232849AAB5008BC79D /* XCRemoteSwiftPackageReference "WolfOrdinal" */,
			);
			productRefGroup = 79EC77682835BC65009E4466 /* Products */;
			projectDirPath = "";
			projectRoot = "";
			targets = (
				79EC77662835BC65009E4466 /* Coordinator */,
				79EC777B2835BC67009E4466 /* CoordinatorTests */,
				79EC77852835BC67009E4466 /* CoordinatorUITests */,
			);
		};
/* End PBXProject section */

/* Begin PBXResourcesBuildPhase section */
		79EC77652835BC65009E4466 /* Resources */ = {
			isa = PBXResourcesBuildPhase;
			buildActionMask = 2147483647;
			files = (
				79651E5E28489DA600991464 /* Markdown in Resources */,
				79CBB266284B431900EBE0DE /* LaunchScreen.storyboard in Resources */,
				79EC77722835BC67009E4466 /* Preview Assets.xcassets in Resources */,
				79EC776F2835BC67009E4466 /* Assets.xcassets in Resources */,
			);
			runOnlyForDeploymentPostprocessing = 0;
		};
		79EC777A2835BC67009E4466 /* Resources */ = {
			isa = PBXResourcesBuildPhase;
			buildActionMask = 2147483647;
			files = (
			);
			runOnlyForDeploymentPostprocessing = 0;
		};
		79EC77842835BC67009E4466 /* Resources */ = {
			isa = PBXResourcesBuildPhase;
			buildActionMask = 2147483647;
			files = (
			);
			runOnlyForDeploymentPostprocessing = 0;
		};
/* End PBXResourcesBuildPhase section */

/* Begin PBXSourcesBuildPhase section */
		79EC77632835BC65009E4466 /* Sources */ = {
			isa = PBXSourcesBuildPhase;
			buildActionMask = 2147483647;
			files = (
				79C4DC672853251400CB3638 /* AppToolbar.swift in Sources */,
				7937A692284DB54D00DE8E11 /* PolicyPicker.swift in Sources */,
				7905B0272849AC23008BC79D /* Memoized.swift in Sources */,
				7937A68C284D1D0000DE8E11 /* AccountSetupModel.swift in Sources */,
				79651E5A28484C6F00991464 /* AppChapter.swift in Sources */,
				79349BB328518E680058CF5D /* SlotDetail.swift in Sources */,
				799BA663283F0A1A00285135 /* WalletSweeper.swift in Sources */,
				79349B9528508E220058CF5D /* SlotList.swift in Sources */,
				79EC77772835BC67009E4466 /* CoordinatorModel.xcdatamodeld in Sources */,
				79C4DC622851E7E500CB3638 /* DesignTimeSlot.swift in Sources */,
				799B54C1283DECA00043EB90 /* ErrorMessage.swift in Sources */,
				79349B8F28506AB30058CF5D /* Slot.swift in Sources */,
				79651E5C2848903700991464 /* AppLogo.swift in Sources */,
				79349B9128506DF70058CF5D /* SlotStatus.swift in Sources */,
				7937A690284D7FBD00DE8E11 /* NameEditor.swift in Sources */,
				7937A694284DB67D00DE8E11 /* PolicyPreset.swift in Sources */,
				79EC779B2835BD92009E4466 /* ContentViewOld.swift in Sources */,
				79C4DC602851E7C200CB3638 /* AccountProtocol.swift in Sources */,
				79349B9328506E0B0058CF5D /* AccountStatus.swift in Sources */,
				79CBB264284AF56300EBE0DE /* NoAccountSelected.swift in Sources */,
				7937A686284C114B00DE8E11 /* AccountsStorage.swift in Sources */,
				799B54BF283DC7D20043EB90 /* SyncButton.swift in Sources */,
				79C4DC692853253200CB3638 /* ViewExtensions.swift in Sources */,
				7905B0202849A123008BC79D /* Policy.swift in Sources */,
				7905B0222849A50B008BC79D /* Account.swift in Sources */,
				79C4DC642851E80B00CB3638 /* SlotProtocol.swift in Sources */,
				79C4DC5E2851E78F00CB3638 /* DesignTimeAccount.swift in Sources */,
				79349BB52851A7660058CF5D /* SlotListRow.swift in Sources */,
				79EC77742835BC67009E4466 /* Persistence.swift in Sources */,
				79EC776D2835BC65009E4466 /* AccountsList.swift in Sources */,
				7937A68A284D145000DE8E11 /* AccountDetail.swift in Sources */,
				7937A688284C136000DE8E11 /* AccountsViewModel.swift in Sources */,
				7937A698284DC8BB00DE8E11 /* NotesEditor.swift in Sources */,
				7937A68E284D1D8D00DE8E11 /* AccountSetup.swift in Sources */,
				79EC776B2835BC65009E4466 /* CoordinatorApp.swift in Sources */,
				79EC7CA02851E00200A7C463 /* AccountStatusIndicator.swift in Sources */,
			);
			runOnlyForDeploymentPostprocessing = 0;
		};
		79EC77782835BC67009E4466 /* Sources */ = {
			isa = PBXSourcesBuildPhase;
			buildActionMask = 2147483647;
			files = (
				79EC77812835BC67009E4466 /* CoordinatorTests.swift in Sources */,
			);
			runOnlyForDeploymentPostprocessing = 0;
		};
		79EC77822835BC67009E4466 /* Sources */ = {
			isa = PBXSourcesBuildPhase;
			buildActionMask = 2147483647;
			files = (
				79EC778B2835BC67009E4466 /* CoordinatorUITests.swift in Sources */,
				79EC778D2835BC67009E4466 /* CoordinatorUITestsLaunchTests.swift in Sources */,
			);
			runOnlyForDeploymentPostprocessing = 0;
		};
/* End PBXSourcesBuildPhase section */

/* Begin PBXTargetDependency section */
		79EC777E2835BC67009E4466 /* PBXTargetDependency */ = {
			isa = PBXTargetDependency;
			target = 79EC77662835BC65009E4466 /* Coordinator */;
			targetProxy = 79EC777D2835BC67009E4466 /* PBXContainerItemProxy */;
		};
		79EC77882835BC67009E4466 /* PBXTargetDependency */ = {
			isa = PBXTargetDependency;
			target = 79EC77662835BC65009E4466 /* Coordinator */;
			targetProxy = 79EC77872835BC67009E4466 /* PBXContainerItemProxy */;
		};
/* End PBXTargetDependency section */

/* Begin XCBuildConfiguration section */
		79EC778E2835BC67009E4466 /* Debug */ = {
			isa = XCBuildConfiguration;
			buildSettings = {
				ALWAYS_SEARCH_USER_PATHS = NO;
				CLANG_ANALYZER_NONNULL = YES;
				CLANG_ANALYZER_NUMBER_OBJECT_CONVERSION = YES_AGGRESSIVE;
				CLANG_CXX_LANGUAGE_STANDARD = "gnu++17";
				CLANG_ENABLE_MODULES = YES;
				CLANG_ENABLE_OBJC_ARC = YES;
				CLANG_ENABLE_OBJC_WEAK = YES;
				CLANG_WARN_BLOCK_CAPTURE_AUTORELEASING = YES;
				CLANG_WARN_BOOL_CONVERSION = YES;
				CLANG_WARN_COMMA = YES;
				CLANG_WARN_CONSTANT_CONVERSION = YES;
				CLANG_WARN_DEPRECATED_OBJC_IMPLEMENTATIONS = YES;
				CLANG_WARN_DIRECT_OBJC_ISA_USAGE = YES_ERROR;
				CLANG_WARN_DOCUMENTATION_COMMENTS = YES;
				CLANG_WARN_EMPTY_BODY = YES;
				CLANG_WARN_ENUM_CONVERSION = YES;
				CLANG_WARN_INFINITE_RECURSION = YES;
				CLANG_WARN_INT_CONVERSION = YES;
				CLANG_WARN_NON_LITERAL_NULL_CONVERSION = YES;
				CLANG_WARN_OBJC_IMPLICIT_RETAIN_SELF = YES;
				CLANG_WARN_OBJC_LITERAL_CONVERSION = YES;
				CLANG_WARN_OBJC_ROOT_CLASS = YES_ERROR;
				CLANG_WARN_QUOTED_INCLUDE_IN_FRAMEWORK_HEADER = YES;
				CLANG_WARN_RANGE_LOOP_ANALYSIS = YES;
				CLANG_WARN_STRICT_PROTOTYPES = YES;
				CLANG_WARN_SUSPICIOUS_MOVE = YES;
				CLANG_WARN_UNGUARDED_AVAILABILITY = YES_AGGRESSIVE;
				CLANG_WARN_UNREACHABLE_CODE = YES;
				CLANG_WARN__DUPLICATE_METHOD_MATCH = YES;
				COPY_PHASE_STRIP = NO;
				DEBUG_INFORMATION_FORMAT = dwarf;
				ENABLE_STRICT_OBJC_MSGSEND = YES;
				ENABLE_TESTABILITY = YES;
				GCC_C_LANGUAGE_STANDARD = gnu11;
				GCC_DYNAMIC_NO_PIC = NO;
				GCC_NO_COMMON_BLOCKS = YES;
				GCC_OPTIMIZATION_LEVEL = 0;
				GCC_PREPROCESSOR_DEFINITIONS = (
					"DEBUG=1",
					"$(inherited)",
				);
				GCC_WARN_64_TO_32_BIT_CONVERSION = YES;
				GCC_WARN_ABOUT_RETURN_TYPE = YES_ERROR;
				GCC_WARN_UNDECLARED_SELECTOR = YES;
				GCC_WARN_UNINITIALIZED_AUTOS = YES_AGGRESSIVE;
				GCC_WARN_UNUSED_FUNCTION = YES;
				GCC_WARN_UNUSED_VARIABLE = YES;
				IPHONEOS_DEPLOYMENT_TARGET = 15.5;
				MTL_ENABLE_DEBUG_INFO = INCLUDE_SOURCE;
				MTL_FAST_MATH = YES;
				ONLY_ACTIVE_ARCH = YES;
				SDKROOT = iphoneos;
				SWIFT_ACTIVE_COMPILATION_CONDITIONS = DEBUG;
				SWIFT_OPTIMIZATION_LEVEL = "-Onone";
			};
			name = Debug;
		};
		79EC778F2835BC67009E4466 /* Release */ = {
			isa = XCBuildConfiguration;
			buildSettings = {
				ALWAYS_SEARCH_USER_PATHS = NO;
				CLANG_ANALYZER_NONNULL = YES;
				CLANG_ANALYZER_NUMBER_OBJECT_CONVERSION = YES_AGGRESSIVE;
				CLANG_CXX_LANGUAGE_STANDARD = "gnu++17";
				CLANG_ENABLE_MODULES = YES;
				CLANG_ENABLE_OBJC_ARC = YES;
				CLANG_ENABLE_OBJC_WEAK = YES;
				CLANG_WARN_BLOCK_CAPTURE_AUTORELEASING = YES;
				CLANG_WARN_BOOL_CONVERSION = YES;
				CLANG_WARN_COMMA = YES;
				CLANG_WARN_CONSTANT_CONVERSION = YES;
				CLANG_WARN_DEPRECATED_OBJC_IMPLEMENTATIONS = YES;
				CLANG_WARN_DIRECT_OBJC_ISA_USAGE = YES_ERROR;
				CLANG_WARN_DOCUMENTATION_COMMENTS = YES;
				CLANG_WARN_EMPTY_BODY = YES;
				CLANG_WARN_ENUM_CONVERSION = YES;
				CLANG_WARN_INFINITE_RECURSION = YES;
				CLANG_WARN_INT_CONVERSION = YES;
				CLANG_WARN_NON_LITERAL_NULL_CONVERSION = YES;
				CLANG_WARN_OBJC_IMPLICIT_RETAIN_SELF = YES;
				CLANG_WARN_OBJC_LITERAL_CONVERSION = YES;
				CLANG_WARN_OBJC_ROOT_CLASS = YES_ERROR;
				CLANG_WARN_QUOTED_INCLUDE_IN_FRAMEWORK_HEADER = YES;
				CLANG_WARN_RANGE_LOOP_ANALYSIS = YES;
				CLANG_WARN_STRICT_PROTOTYPES = YES;
				CLANG_WARN_SUSPICIOUS_MOVE = YES;
				CLANG_WARN_UNGUARDED_AVAILABILITY = YES_AGGRESSIVE;
				CLANG_WARN_UNREACHABLE_CODE = YES;
				CLANG_WARN__DUPLICATE_METHOD_MATCH = YES;
				COPY_PHASE_STRIP = NO;
				DEBUG_INFORMATION_FORMAT = "dwarf-with-dsym";
				ENABLE_NS_ASSERTIONS = NO;
				ENABLE_STRICT_OBJC_MSGSEND = YES;
				GCC_C_LANGUAGE_STANDARD = gnu11;
				GCC_NO_COMMON_BLOCKS = YES;
				GCC_WARN_64_TO_32_BIT_CONVERSION = YES;
				GCC_WARN_ABOUT_RETURN_TYPE = YES_ERROR;
				GCC_WARN_UNDECLARED_SELECTOR = YES;
				GCC_WARN_UNINITIALIZED_AUTOS = YES_AGGRESSIVE;
				GCC_WARN_UNUSED_FUNCTION = YES;
				GCC_WARN_UNUSED_VARIABLE = YES;
				IPHONEOS_DEPLOYMENT_TARGET = 15.5;
				MTL_ENABLE_DEBUG_INFO = NO;
				MTL_FAST_MATH = YES;
				SDKROOT = iphoneos;
				SWIFT_COMPILATION_MODE = wholemodule;
				SWIFT_OPTIMIZATION_LEVEL = "-O";
				VALIDATE_PRODUCT = YES;
			};
			name = Release;
		};
		79EC77912835BC67009E4466 /* Debug */ = {
			isa = XCBuildConfiguration;
			buildSettings = {
				ASSETCATALOG_COMPILER_APPICON_NAME = AppIcon;
				ASSETCATALOG_COMPILER_GLOBAL_ACCENT_COLOR_NAME = AccentColor;
				CODE_SIGN_ENTITLEMENTS = Coordinator/Coordinator.entitlements;
				CODE_SIGN_IDENTITY = "Apple Development";
				"CODE_SIGN_IDENTITY[sdk=macosx*]" = "Apple Development";
				CODE_SIGN_STYLE = Automatic;
				CURRENT_PROJECT_VERSION = 1;
				DEVELOPMENT_ASSET_PATHS = "\"Coordinator/Preview Content\"";
				DEVELOPMENT_TEAM = YZHG975W3A;
				ENABLE_PREVIEWS = YES;
				GENERATE_INFOPLIST_FILE = YES;
				INFOPLIST_FILE = Coordinator/Info.plist;
				INFOPLIST_KEY_LSApplicationCategoryType = "public.app-category.productivity";
				INFOPLIST_KEY_NFCReaderUsageDescription = "Read and write NFC tags for backing up your seeds.";
				INFOPLIST_KEY_NSCameraUsageDescription = "Use the camera to scan QR codes.";
				INFOPLIST_KEY_NSPhotoLibraryAddUsageDescription = "Save images like QR codes to  your Photos library.";
				INFOPLIST_KEY_UIApplicationSceneManifest_Generation = YES;
				INFOPLIST_KEY_UIApplicationSupportsIndirectInputEvents = YES;
				INFOPLIST_KEY_UILaunchScreen_Generation = YES;
				INFOPLIST_KEY_UILaunchStoryboardName = LaunchScreen;
				INFOPLIST_KEY_UISupportedInterfaceOrientations_iPad = "UIInterfaceOrientationPortrait UIInterfaceOrientationPortraitUpsideDown UIInterfaceOrientationLandscapeLeft UIInterfaceOrientationLandscapeRight";
				INFOPLIST_KEY_UISupportedInterfaceOrientations_iPhone = UIInterfaceOrientationPortrait;
				IPHONEOS_DEPLOYMENT_TARGET = 15.4;
				LD_RUNPATH_SEARCH_PATHS = (
					"$(inherited)",
					"@executable_path/Frameworks",
				);
				MARKETING_VERSION = 1.0;
				PRODUCT_BUNDLE_IDENTIFIER = com.blockchaincommons.Coordinator;
				PRODUCT_NAME = "$(TARGET_NAME)";
				PROVISIONING_PROFILE_SPECIFIER = "";
				"PROVISIONING_PROFILE_SPECIFIER[sdk=macosx*]" = "";
				SUPPORTS_MACCATALYST = YES;
				SUPPORTS_MAC_DESIGNED_FOR_IPHONE_IPAD = NO;
				SWIFT_EMIT_LOC_STRINGS = YES;
				SWIFT_VERSION = 5.0;
				TARGETED_DEVICE_FAMILY = "1,2";
			};
			name = Debug;
		};
		79EC77922835BC67009E4466 /* Release */ = {
			isa = XCBuildConfiguration;
			buildSettings = {
				ASSETCATALOG_COMPILER_APPICON_NAME = AppIcon;
				ASSETCATALOG_COMPILER_GLOBAL_ACCENT_COLOR_NAME = AccentColor;
				CODE_SIGN_ENTITLEMENTS = Coordinator/Coordinator.entitlements;
				CODE_SIGN_IDENTITY = "Apple Development";
				"CODE_SIGN_IDENTITY[sdk=macosx*]" = "Apple Development";
				CODE_SIGN_STYLE = Automatic;
				CURRENT_PROJECT_VERSION = 1;
				DEVELOPMENT_ASSET_PATHS = "\"Coordinator/Preview Content\"";
				DEVELOPMENT_TEAM = YZHG975W3A;
				ENABLE_PREVIEWS = YES;
				GENERATE_INFOPLIST_FILE = YES;
				INFOPLIST_FILE = Coordinator/Info.plist;
				INFOPLIST_KEY_LSApplicationCategoryType = "public.app-category.productivity";
				INFOPLIST_KEY_NFCReaderUsageDescription = "Read and write NFC tags for backing up your seeds.";
				INFOPLIST_KEY_NSCameraUsageDescription = "Use the camera to scan QR codes.";
				INFOPLIST_KEY_NSPhotoLibraryAddUsageDescription = "Save images like QR codes to  your Photos library.";
				INFOPLIST_KEY_UIApplicationSceneManifest_Generation = YES;
				INFOPLIST_KEY_UIApplicationSupportsIndirectInputEvents = YES;
				INFOPLIST_KEY_UILaunchScreen_Generation = YES;
				INFOPLIST_KEY_UILaunchStoryboardName = LaunchScreen;
				INFOPLIST_KEY_UISupportedInterfaceOrientations_iPad = "UIInterfaceOrientationPortrait UIInterfaceOrientationPortraitUpsideDown UIInterfaceOrientationLandscapeLeft UIInterfaceOrientationLandscapeRight";
				INFOPLIST_KEY_UISupportedInterfaceOrientations_iPhone = UIInterfaceOrientationPortrait;
				IPHONEOS_DEPLOYMENT_TARGET = 15.4;
				LD_RUNPATH_SEARCH_PATHS = (
					"$(inherited)",
					"@executable_path/Frameworks",
				);
				MARKETING_VERSION = 1.0;
				PRODUCT_BUNDLE_IDENTIFIER = com.blockchaincommons.Coordinator;
				PRODUCT_NAME = "$(TARGET_NAME)";
				PROVISIONING_PROFILE_SPECIFIER = "";
				"PROVISIONING_PROFILE_SPECIFIER[sdk=macosx*]" = "";
				SUPPORTS_MACCATALYST = YES;
				SUPPORTS_MAC_DESIGNED_FOR_IPHONE_IPAD = NO;
				SWIFT_EMIT_LOC_STRINGS = YES;
				SWIFT_VERSION = 5.0;
				TARGETED_DEVICE_FAMILY = "1,2";
			};
			name = Release;
		};
		79EC77942835BC67009E4466 /* Debug */ = {
			isa = XCBuildConfiguration;
			buildSettings = {
				ALWAYS_EMBED_SWIFT_STANDARD_LIBRARIES = YES;
				BUNDLE_LOADER = "$(TEST_HOST)";
				CODE_SIGN_STYLE = Automatic;
				CURRENT_PROJECT_VERSION = 1;
				DEVELOPMENT_TEAM = YZHG975W3A;
				GENERATE_INFOPLIST_FILE = YES;
				IPHONEOS_DEPLOYMENT_TARGET = 15.5;
				MARKETING_VERSION = 1.0;
				PRODUCT_BUNDLE_IDENTIFIER = com.blockchaincommons.CoordinatorTests;
				PRODUCT_NAME = "$(TARGET_NAME)";
				SWIFT_EMIT_LOC_STRINGS = NO;
				SWIFT_VERSION = 5.0;
				TARGETED_DEVICE_FAMILY = "1,2";
				TEST_HOST = "$(BUILT_PRODUCTS_DIR)/Coordinator.app/Coordinator";
			};
			name = Debug;
		};
		79EC77952835BC67009E4466 /* Release */ = {
			isa = XCBuildConfiguration;
			buildSettings = {
				ALWAYS_EMBED_SWIFT_STANDARD_LIBRARIES = YES;
				BUNDLE_LOADER = "$(TEST_HOST)";
				CODE_SIGN_STYLE = Automatic;
				CURRENT_PROJECT_VERSION = 1;
				DEVELOPMENT_TEAM = YZHG975W3A;
				GENERATE_INFOPLIST_FILE = YES;
				IPHONEOS_DEPLOYMENT_TARGET = 15.5;
				MARKETING_VERSION = 1.0;
				PRODUCT_BUNDLE_IDENTIFIER = com.blockchaincommons.CoordinatorTests;
				PRODUCT_NAME = "$(TARGET_NAME)";
				SWIFT_EMIT_LOC_STRINGS = NO;
				SWIFT_VERSION = 5.0;
				TARGETED_DEVICE_FAMILY = "1,2";
				TEST_HOST = "$(BUILT_PRODUCTS_DIR)/Coordinator.app/Coordinator";
			};
			name = Release;
		};
		79EC77972835BC67009E4466 /* Debug */ = {
			isa = XCBuildConfiguration;
			buildSettings = {
				ALWAYS_EMBED_SWIFT_STANDARD_LIBRARIES = YES;
				CODE_SIGN_STYLE = Automatic;
				CURRENT_PROJECT_VERSION = 1;
				DEVELOPMENT_TEAM = YZHG975W3A;
				GENERATE_INFOPLIST_FILE = YES;
				MARKETING_VERSION = 1.0;
				PRODUCT_BUNDLE_IDENTIFIER = com.blockchaincommons.CoordinatorUITests;
				PRODUCT_NAME = "$(TARGET_NAME)";
				SWIFT_EMIT_LOC_STRINGS = NO;
				SWIFT_VERSION = 5.0;
				TARGETED_DEVICE_FAMILY = "1,2";
				TEST_TARGET_NAME = Coordinator;
			};
			name = Debug;
		};
		79EC77982835BC67009E4466 /* Release */ = {
			isa = XCBuildConfiguration;
			buildSettings = {
				ALWAYS_EMBED_SWIFT_STANDARD_LIBRARIES = YES;
				CODE_SIGN_STYLE = Automatic;
				CURRENT_PROJECT_VERSION = 1;
				DEVELOPMENT_TEAM = YZHG975W3A;
				GENERATE_INFOPLIST_FILE = YES;
				MARKETING_VERSION = 1.0;
				PRODUCT_BUNDLE_IDENTIFIER = com.blockchaincommons.CoordinatorUITests;
				PRODUCT_NAME = "$(TARGET_NAME)";
				SWIFT_EMIT_LOC_STRINGS = NO;
				SWIFT_VERSION = 5.0;
				TARGETED_DEVICE_FAMILY = "1,2";
				TEST_TARGET_NAME = Coordinator;
			};
			name = Release;
		};
/* End XCBuildConfiguration section */

/* Begin XCConfigurationList section */
		79EC77622835BC65009E4466 /* Build configuration list for PBXProject "Coordinator" */ = {
			isa = XCConfigurationList;
			buildConfigurations = (
				79EC778E2835BC67009E4466 /* Debug */,
				79EC778F2835BC67009E4466 /* Release */,
			);
			defaultConfigurationIsVisible = 0;
			defaultConfigurationName = Release;
		};
		79EC77902835BC67009E4466 /* Build configuration list for PBXNativeTarget "Coordinator" */ = {
			isa = XCConfigurationList;
			buildConfigurations = (
				79EC77912835BC67009E4466 /* Debug */,
				79EC77922835BC67009E4466 /* Release */,
			);
			defaultConfigurationIsVisible = 0;
			defaultConfigurationName = Release;
		};
		79EC77932835BC67009E4466 /* Build configuration list for PBXNativeTarget "CoordinatorTests" */ = {
			isa = XCConfigurationList;
			buildConfigurations = (
				79EC77942835BC67009E4466 /* Debug */,
				79EC77952835BC67009E4466 /* Release */,
			);
			defaultConfigurationIsVisible = 0;
			defaultConfigurationName = Release;
		};
		79EC77962835BC67009E4466 /* Build configuration list for PBXNativeTarget "CoordinatorUITests" */ = {
			isa = XCConfigurationList;
			buildConfigurations = (
				79EC77972835BC67009E4466 /* Debug */,
				79EC77982835BC67009E4466 /* Release */,
			);
			defaultConfigurationIsVisible = 0;
			defaultConfigurationName = Release;
		};
/* End XCConfigurationList section */

/* Begin XCRemoteSwiftPackageReference section */
		7905B0232849AAB5008BC79D /* XCRemoteSwiftPackageReference "WolfOrdinal" */ = {
			isa = XCRemoteSwiftPackageReference;
			repositoryURL = "https://github.com/wolfmcnally/WolfOrdinal.git";
			requirement = {
				kind = upToNextMajorVersion;
				minimumVersion = 2.0.0;
			};
		};
		79241070283C268D00611B9F /* XCRemoteSwiftPackageReference "BCSwiftApp" */ = {
			isa = XCRemoteSwiftPackageReference;
			repositoryURL = "https://github.com/BlockchainCommons/BCSwiftApp.git";
			requirement = {
				branch = master;
				kind = branch;
			};
		};
		79EC779C28360AEC009E4466 /* XCRemoteSwiftPackageReference "WolfBase" */ = {
			isa = XCRemoteSwiftPackageReference;
			repositoryURL = "https://github.com/wolfmcnally/WolfBase.git";
			requirement = {
				kind = upToNextMajorVersion;
				minimumVersion = 4.0.0;
			};
		};
		79EC779F28360B38009E4466 /* XCRemoteSwiftPackageReference "BCSwiftFoundation" */ = {
			isa = XCRemoteSwiftPackageReference;
			repositoryURL = "https://github.com/blockchaincommons/BCSwiftFoundation";
			requirement = {
				kind = upToNextMajorVersion;
				minimumVersion = 3.0.0;
			};
		};
		79EC77A228361BE7009E4466 /* XCRemoteSwiftPackageReference "WolfAPI" */ = {
			isa = XCRemoteSwiftPackageReference;
			repositoryURL = "https://github.com/wolfmcnally/WolfAPI";
			requirement = {
				kind = upToNextMajorVersion;
				minimumVersion = 2.0.0;
			};
		};
		79EC77A528361C7D009E4466 /* XCRemoteSwiftPackageReference "WolfActivityRing" */ = {
			isa = XCRemoteSwiftPackageReference;
			repositoryURL = "https://github.com/wolfmcnally/WolfActivityRing.git";
			requirement = {
				kind = upToNextMajorVersion;
				minimumVersion = 2.0.0;
			};
		};
		79EC77A828361DAB009E4466 /* XCRemoteSwiftPackageReference "WolfLorem" */ = {
			isa = XCRemoteSwiftPackageReference;
			repositoryURL = "https://github.com/wolfmcnally/WolfLorem";
			requirement = {
				kind = upToNextMajorVersion;
				minimumVersion = 2.0.0;
			};
		};
		79EC77AB28361E28009E4466 /* XCRemoteSwiftPackageReference "WolfSwiftUI" */ = {
			isa = XCRemoteSwiftPackageReference;
			repositoryURL = "https://github.com/WolfMcNally/WolfSwiftUI";
			requirement = {
				kind = upToNextMajorVersion;
				minimumVersion = 2.0.0;
			};
		};
		79EC77AE28361F32009E4466 /* XCRemoteSwiftPackageReference "BCSwiftTor" */ = {
			isa = XCRemoteSwiftPackageReference;
			repositoryURL = "https://github.com/BlockchainCommons/BCSwiftTor.git";
			requirement = {
				kind = upToNextMajorVersion;
				minimumVersion = 2.0.0;
			};
		};
		79EC77B128361F62009E4466 /* XCRemoteSwiftPackageReference "Hyperconnectivity" */ = {
			isa = XCRemoteSwiftPackageReference;
			repositoryURL = "https://github.com/BlockchainCommons/Hyperconnectivity.git";
			requirement = {
				branch = master;
				kind = branch;
			};
		};
		79EC77B42836205F009E4466 /* XCRemoteSwiftPackageReference "BCSwiftEsplora" */ = {
			isa = XCRemoteSwiftPackageReference;
			repositoryURL = "https://github.com/BlockchainCommons/BCSwiftEsplora";
			requirement = {
				kind = upToNextMajorVersion;
				minimumVersion = 1.0.0;
			};
		};
/* End XCRemoteSwiftPackageReference section */

/* Begin XCSwiftPackageProductDependency section */
		7905B0242849AAB5008BC79D /* WolfOrdinal */ = {
			isa = XCSwiftPackageProductDependency;
			package = 7905B0232849AAB5008BC79D /* XCRemoteSwiftPackageReference "WolfOrdinal" */;
			productName = WolfOrdinal;
		};
		79241071283C268D00611B9F /* BCApp */ = {
			isa = XCSwiftPackageProductDependency;
			package = 79241070283C268D00611B9F /* XCRemoteSwiftPackageReference "BCSwiftApp" */;
			productName = BCApp;
		};
		79EC779D28360AEC009E4466 /* WolfBase */ = {
			isa = XCSwiftPackageProductDependency;
			package = 79EC779C28360AEC009E4466 /* XCRemoteSwiftPackageReference "WolfBase" */;
			productName = WolfBase;
		};
		79EC77A028360B38009E4466 /* BCFoundation */ = {
			isa = XCSwiftPackageProductDependency;
			package = 79EC779F28360B38009E4466 /* XCRemoteSwiftPackageReference "BCSwiftFoundation" */;
			productName = BCFoundation;
		};
		79EC77A328361BE7009E4466 /* WolfAPI */ = {
			isa = XCSwiftPackageProductDependency;
			package = 79EC77A228361BE7009E4466 /* XCRemoteSwiftPackageReference "WolfAPI" */;
			productName = WolfAPI;
		};
		79EC77A628361C7D009E4466 /* WolfActivityRing */ = {
			isa = XCSwiftPackageProductDependency;
			package = 79EC77A528361C7D009E4466 /* XCRemoteSwiftPackageReference "WolfActivityRing" */;
			productName = WolfActivityRing;
		};
		79EC77A928361DAB009E4466 /* WolfLorem */ = {
			isa = XCSwiftPackageProductDependency;
			package = 79EC77A828361DAB009E4466 /* XCRemoteSwiftPackageReference "WolfLorem" */;
			productName = WolfLorem;
		};
		79EC77AC28361E28009E4466 /* WolfSwiftUI */ = {
			isa = XCSwiftPackageProductDependency;
			package = 79EC77AB28361E28009E4466 /* XCRemoteSwiftPackageReference "WolfSwiftUI" */;
			productName = WolfSwiftUI;
		};
		79EC77AF28361F33009E4466 /* Tor */ = {
			isa = XCSwiftPackageProductDependency;
			package = 79EC77AE28361F32009E4466 /* XCRemoteSwiftPackageReference "BCSwiftTor" */;
			productName = Tor;
		};
		79EC77B228361F62009E4466 /* Hyperconnectivity */ = {
			isa = XCSwiftPackageProductDependency;
			package = 79EC77B128361F62009E4466 /* XCRemoteSwiftPackageReference "Hyperconnectivity" */;
			productName = Hyperconnectivity;
		};
		79EC77B52836205F009E4466 /* Esplora */ = {
			isa = XCSwiftPackageProductDependency;
			package = 79EC77B42836205F009E4466 /* XCRemoteSwiftPackageReference "BCSwiftEsplora" */;
			productName = Esplora;
		};
/* End XCSwiftPackageProductDependency section */

/* Begin XCVersionGroup section */
		79EC77752835BC67009E4466 /* CoordinatorModel.xcdatamodeld */ = {
			isa = XCVersionGroup;
			children = (
				79EC77762835BC67009E4466 /* Coordinator.xcdatamodel */,
			);
			currentVersion = 79EC77762835BC67009E4466 /* Coordinator.xcdatamodel */;
			path = CoordinatorModel.xcdatamodeld;
			sourceTree = "<group>";
			versionGroupType = wrapper.xcdatamodel;
		};
/* End XCVersionGroup section */
	};
	rootObject = 79EC775F2835BC65009E4466 /* Project object */;
}
